Microsoft Visual Studio Solution File, Format Version 11.00
# Visual Studio 2008

Project("{46F86FAA-6BBF-9AC9-4A7E-459509A20ED0}") = "project", "Assembly-CSharp-vs.csproj", "{7CA597AC-799E-2D81-E8A0-0EA9A568434E}"
EndProject
Global
	GlobalSection(SolutionConfigurationPlatforms) = preSolution
		Debug|Any CPU = Debug|Any CPU
		Release|Any CPU = Release|Any CPU
	EndGlobalSection
	GlobalSection(ProjectConfigurationPlatforms) = postSolution
		{7CA597AC-799E-2D81-E8A0-0EA9A568434E}.Debug|Any CPU.ActiveCfg = Debug|Any CPU
		{7CA597AC-799E-2D81-E8A0-0EA9A568434E}.Debug|Any CPU.Build.0 = Debug|Any CPU
		{7CA597AC-799E-2D81-E8A0-0EA9A568434E}.Release|Any CPU.ActiveCfg = Release|Any CPU
		{7CA597AC-799E-2D81-E8A0-0EA9A568434E}.Release|Any CPU.Build.0 = Release|Any CPU
	EndGlobalSection
	GlobalSection(SolutionProperties) = preSolution
		HideSolutionNode = FALSE
	EndGlobalSection
<<<<<<< HEAD
																											GlobalSection(MonoDevelopProperties) = preSolution
=======
																												GlobalSection(MonoDevelopProperties) = preSolution
>>>>>>> de22617da19ce525c756cbe59011e24bc22acdc6
=======
<<<<<<< HEAD
																								GlobalSection(MonoDevelopProperties) = preSolution
=======
<<<<<<< HEAD
																							GlobalSection(MonoDevelopProperties) = preSolution
>>>>>>> cb173cf45d933e07b9154d6512282576c68c38cc
>>>>>>> d54b57feed211385bc2d1c591b09f92738a6a092
=======
																									GlobalSection(MonoDevelopProperties) = preSolution
>>>>>>> cb2480712e64aab3e2e74bb29bf4a7363113a544
=======
<<<<<<< HEAD
																				GlobalSection(MonoDevelopProperties) = preSolution
=======
<<<<<<< HEAD
																			GlobalSection(MonoDevelopProperties) = preSolution
>>>>>>> 577ea592205337abc94ce5aadb629c8440e1f5ff
=======
																																					GlobalSection(MonoDevelopProperties) = preSolution
=======
																	GlobalSection(MonoDevelopProperties) = preSolution
>>>>>>> fa2bc613161ee4cd65286b0dbe979dcb0ec664c6
>>>>>>> 7d7104fcd2a71e14d1db4e2ff86262b1ac3faa20
=======
							GlobalSection(MonoDevelopProperties) = preSolution
=======
													GlobalSection(MonoDevelopProperties) = preSolution
>>>>>>> 9eb1b9d5daa07f30ae3418eb25b4ce7acbb71315
=======
													GlobalSection(MonoDevelopProperties) = preSolution
>>>>>>> a56b7875746c67c5c5dd75910944e9ce034a31e2
>>>>>>> a0ec36ad7e203ffb7931616ac6808b858da53412
>>>>>>> origin/master
		StartupItem = Assembly-CSharp.csproj
		Policies = $0
		$0.TextStylePolicy = $1
		$1.inheritsSet = null
		$1.scope = text/x-csharp
		$0.CSharpFormattingPolicy = $2
		$2.inheritsSet = Mono
		$2.inheritsScope = text/x-csharp
		$2.scope = text/x-csharp
		$0.TextStylePolicy = $3
		$3.FileWidth = 120
		$3.TabWidth = 4
		$3.EolMarker = Unix
		$3.inheritsSet = Mono
		$3.inheritsScope = text/plain
		$3.scope = text/plain
	EndGlobalSection

EndGlobal
